
Microsoft Visual Studio Solution File, Format Version 12.00
# Visual Studio Version 16
VisualStudioVersion = 16.0.32106.194
MinimumVisualStudioVersion = 10.0.40219.1
Project("{FAE04EC0-301F-11D3-BF4B-00C04F79EFBC}") = "IS414Authentication", "IS414Authentication.csproj", "{57551299-106A-47F7-9865-DCB7F225E617}"
EndProject
Global
	GlobalSection(SolutionConfigurationPlatforms) = preSolution
		Debug|Any CPU = Debug|Any CPU
		Release|Any CPU = Release|Any CPU
	EndGlobalSection
	GlobalSection(ProjectConfigurationPlatforms) = postSolution
		{57551299-106A-47F7-9865-DCB7F225E617}.Debug|Any CPU.ActiveCfg = Debug|Any CPU
		{57551299-106A-47F7-9865-DCB7F225E617}.Debug|Any CPU.Build.0 = Debug|Any CPU
		{57551299-106A-47F7-9865-DCB7F225E617}.Release|Any CPU.ActiveCfg = Release|Any CPU
		{57551299-106A-47F7-9865-DCB7F225E617}.Release|Any CPU.Build.0 = Release|Any CPU
	EndGlobalSection
	GlobalSection(SolutionProperties) = preSolution
		HideSolutionNode = FALSE
	EndGlobalSection
	GlobalSection(ExtensibilityGlobals) = postSolution
		SolutionGuid = {08D67366-D5A9-40F2-AB5B-C135B536EE1D}
	EndGlobalSection
EndGlobal
